
Microsoft Visual Studio Solution File, Format Version 12.00
# Visual Studio Version 17
VisualStudioVersion = 17.12.35527.113
MinimumVisualStudioVersion = 10.0.40219.1
Project("{2150E333-8FDC-42A3-9474-1A3956D46DE8}") = "FontEnd", "FontEnd", "{C0C8CD10-A82D-4315-8C2D-76F7151F402B}"
EndProject
Project("{2150E333-8FDC-42A3-9474-1A3956D46DE8}") = "Services", "Services", "{C8AEF8EF-1D9C-4599-9335-1CEE86F4E0B1}"
EndProject
Project("{FAE04EC0-301F-11D3-BF4B-00C04F79EFBC}") = "GeekShopping.Web", "GeekShopping.Web\GeekShopping.Web.csproj", "{B529D72B-BC2C-45C0-B6C4-9EAD4179A360}"
EndProject
Project("{FAE04EC0-301F-11D3-BF4B-00C04F79EFBC}") = "GeekShopping.ProductApi", "GeekShopping.ProductApi\GeekShopping.ProductApi.csproj", "{E9FED25D-6C3F-4FA1-8F71-794790DC166A}"
EndProject
Project("{FAE04EC0-301F-11D3-BF4B-00C04F79EFBC}") = "GeekShopping.IdentityServer", "GeekShopping.IdentityServer\GeekShopping.IdentityServer.csproj", "{92D3E881-194C-4090-9205-3D327E753304}"
EndProject
Project("{FAE04EC0-301F-11D3-BF4B-00C04F79EFBC}") = "GeekShopping.CartApi", "GeekShopping.CartApi\GeekShopping.CartApi.csproj", "{82091744-1424-4B0E-8DFC-0A72B8EA99BC}"
EndProject
Project("{FAE04EC0-301F-11D3-BF4B-00C04F79EFBC}") = "GeekShopping.CouponAPI", "GeekShopping.CouponAPI\GeekShopping.CouponAPI.csproj", "{B83D564C-6E07-458E-9C7E-16A45828D4FB}"
EndProject
Project("{2150E333-8FDC-42A3-9474-1A3956D46DE8}") = "Integration", "Integration", "{5967300A-92A5-4F95-9357-1823C8671050}"
EndProject
Project("{FAE04EC0-301F-11D3-BF4B-00C04F79EFBC}") = "GeekShopping.MessageBus", "GeekShopping.MessageBus\GeekShopping.MessageBus.csproj", "{EFCD645F-4338-4DC7-8F8A-B8F94C2ABCBC}"
EndProject
Project("{FAE04EC0-301F-11D3-BF4B-00C04F79EFBC}") = "GeekShopping.OrderApi", "GeekShopping.OrderApi\GeekShopping.OrderApi.csproj", "{5150886A-C9EA-4F76-8204-699943765FA5}"
EndProject
Project("{2150E333-8FDC-42A3-9474-1A3956D46DE8}") = "Payments", "Payments", "{2888435E-56D6-40D0-8921-2C2CF66D6DB3}"
EndProject
Project("{FAE04EC0-301F-11D3-BF4B-00C04F79EFBC}") = "GeekShopping.PaymentProcessor", "GeekShopping.PaymentProcessor\GeekShopping.PaymentProcessor.csproj", "{A6A89435-46E2-4016-B732-3C80F5D6EEBC}"
EndProject
Project("{FAE04EC0-301F-11D3-BF4B-00C04F79EFBC}") = "GeekShopping.PaymentAPI", "GeekShopping.PaymentAPI\GeekShopping.PaymentAPI.csproj", "{9255FDD7-8E06-4156-BE95-867B30A9913B}"
EndProject
Project("{FAE04EC0-301F-11D3-BF4B-00C04F79EFBC}") = "GeekShopping.Email", "GeekShopping.Email\GeekShopping.Email.csproj", "{47C1BEB9-E87B-4D03-8F7A-25B7D1C17C99}"
EndProject
Project("{2150E333-8FDC-42A3-9474-1A3956D46DE8}") = "Gateway", "Gateway", "{4E9488BB-0E7B-4961-97E6-1C88D74A97FD}"
EndProject
Project("{FAE04EC0-301F-11D3-BF4B-00C04F79EFBC}") = "GeekshoppingAPIGateway", "GeekshoppingAPIGateway\GeekshoppingAPIGateway.csproj", "{F3E5089D-ABEB-4F09-B174-5A2088829DB8}"
EndProject
Global
	GlobalSection(SolutionConfigurationPlatforms) = preSolution
		Debug|Any CPU = Debug|Any CPU
		Release|Any CPU = Release|Any CPU
	EndGlobalSection
	GlobalSection(ProjectConfigurationPlatforms) = postSolution
		{B529D72B-BC2C-45C0-B6C4-9EAD4179A360}.Debug|Any CPU.ActiveCfg = Debug|Any CPU
		{B529D72B-BC2C-45C0-B6C4-9EAD4179A360}.Debug|Any CPU.Build.0 = Debug|Any CPU
		{B529D72B-BC2C-45C0-B6C4-9EAD4179A360}.Release|Any CPU.ActiveCfg = Release|Any CPU
		{B529D72B-BC2C-45C0-B6C4-9EAD4179A360}.Release|Any CPU.Build.0 = Release|Any CPU
		{E9FED25D-6C3F-4FA1-8F71-794790DC166A}.Debug|Any CPU.ActiveCfg = Debug|Any CPU
		{E9FED25D-6C3F-4FA1-8F71-794790DC166A}.Debug|Any CPU.Build.0 = Debug|Any CPU
		{E9FED25D-6C3F-4FA1-8F71-794790DC166A}.Release|Any CPU.ActiveCfg = Release|Any CPU
		{E9FED25D-6C3F-4FA1-8F71-794790DC166A}.Release|Any CPU.Build.0 = Release|Any CPU
		{92D3E881-194C-4090-9205-3D327E753304}.Debug|Any CPU.ActiveCfg = Debug|Any CPU
		{92D3E881-194C-4090-9205-3D327E753304}.Debug|Any CPU.Build.0 = Debug|Any CPU
		{92D3E881-194C-4090-9205-3D327E753304}.Release|Any CPU.ActiveCfg = Release|Any CPU
		{92D3E881-194C-4090-9205-3D327E753304}.Release|Any CPU.Build.0 = Release|Any CPU
		{82091744-1424-4B0E-8DFC-0A72B8EA99BC}.Debug|Any CPU.ActiveCfg = Debug|Any CPU
		{82091744-1424-4B0E-8DFC-0A72B8EA99BC}.Debug|Any CPU.Build.0 = Debug|Any CPU
		{82091744-1424-4B0E-8DFC-0A72B8EA99BC}.Release|Any CPU.ActiveCfg = Release|Any CPU
		{82091744-1424-4B0E-8DFC-0A72B8EA99BC}.Release|Any CPU.Build.0 = Release|Any CPU
		{B83D564C-6E07-458E-9C7E-16A45828D4FB}.Debug|Any CPU.ActiveCfg = Debug|Any CPU
		{B83D564C-6E07-458E-9C7E-16A45828D4FB}.Debug|Any CPU.Build.0 = Debug|Any CPU
		{B83D564C-6E07-458E-9C7E-16A45828D4FB}.Release|Any CPU.ActiveCfg = Release|Any CPU
		{B83D564C-6E07-458E-9C7E-16A45828D4FB}.Release|Any CPU.Build.0 = Release|Any CPU
		{EFCD645F-4338-4DC7-8F8A-B8F94C2ABCBC}.Debug|Any CPU.ActiveCfg = Debug|Any CPU
		{EFCD645F-4338-4DC7-8F8A-B8F94C2ABCBC}.Debug|Any CPU.Build.0 = Debug|Any CPU
		{EFCD645F-4338-4DC7-8F8A-B8F94C2ABCBC}.Release|Any CPU.ActiveCfg = Release|Any CPU
		{EFCD645F-4338-4DC7-8F8A-B8F94C2ABCBC}.Release|Any CPU.Build.0 = Release|Any CPU
		{5150886A-C9EA-4F76-8204-699943765FA5}.Debug|Any CPU.ActiveCfg = Debug|Any CPU
		{5150886A-C9EA-4F76-8204-699943765FA5}.Debug|Any CPU.Build.0 = Debug|Any CPU
		{5150886A-C9EA-4F76-8204-699943765FA5}.Release|Any CPU.ActiveCfg = Release|Any CPU
		{5150886A-C9EA-4F76-8204-699943765FA5}.Release|Any CPU.Build.0 = Release|Any CPU
		{A6A89435-46E2-4016-B732-3C80F5D6EEBC}.Debug|Any CPU.ActiveCfg = Debug|Any CPU
		{A6A89435-46E2-4016-B732-3C80F5D6EEBC}.Debug|Any CPU.Build.0 = Debug|Any CPU
		{A6A89435-46E2-4016-B732-3C80F5D6EEBC}.Release|Any CPU.ActiveCfg = Release|Any CPU
		{A6A89435-46E2-4016-B732-3C80F5D6EEBC}.Release|Any CPU.Build.0 = Release|Any CPU
		{9255FDD7-8E06-4156-BE95-867B30A9913B}.Debug|Any CPU.ActiveCfg = Debug|Any CPU
		{9255FDD7-8E06-4156-BE95-867B30A9913B}.Debug|Any CPU.Build.0 = Debug|Any CPU
		{9255FDD7-8E06-4156-BE95-867B30A9913B}.Release|Any CPU.ActiveCfg = Release|Any CPU
		{9255FDD7-8E06-4156-BE95-867B30A9913B}.Release|Any CPU.Build.0 = Release|Any CPU
		{47C1BEB9-E87B-4D03-8F7A-25B7D1C17C99}.Debug|Any CPU.ActiveCfg = Debug|Any CPU
		{47C1BEB9-E87B-4D03-8F7A-25B7D1C17C99}.Debug|Any CPU.Build.0 = Debug|Any CPU
		{47C1BEB9-E87B-4D03-8F7A-25B7D1C17C99}.Release|Any CPU.ActiveCfg = Release|Any CPU
		{47C1BEB9-E87B-4D03-8F7A-25B7D1C17C99}.Release|Any CPU.Build.0 = Release|Any CPU
		{F3E5089D-ABEB-4F09-B174-5A2088829DB8}.Debug|Any CPU.ActiveCfg = Debug|Any CPU
		{F3E5089D-ABEB-4F09-B174-5A2088829DB8}.Debug|Any CPU.Build.0 = Debug|Any CPU
		{F3E5089D-ABEB-4F09-B174-5A2088829DB8}.Release|Any CPU.ActiveCfg = Release|Any CPU
		{F3E5089D-ABEB-4F09-B174-5A2088829DB8}.Release|Any CPU.Build.0 = Release|Any CPU
	EndGlobalSection
	GlobalSection(SolutionProperties) = preSolution
		HideSolutionNode = FALSE
	EndGlobalSection
	GlobalSection(NestedProjects) = preSolution
		{B529D72B-BC2C-45C0-B6C4-9EAD4179A360} = {C0C8CD10-A82D-4315-8C2D-76F7151F402B}
		{E9FED25D-6C3F-4FA1-8F71-794790DC166A} = {C8AEF8EF-1D9C-4599-9335-1CEE86F4E0B1}
		{92D3E881-194C-4090-9205-3D327E753304} = {C8AEF8EF-1D9C-4599-9335-1CEE86F4E0B1}
		{82091744-1424-4B0E-8DFC-0A72B8EA99BC} = {C8AEF8EF-1D9C-4599-9335-1CEE86F4E0B1}
		{B83D564C-6E07-458E-9C7E-16A45828D4FB} = {C8AEF8EF-1D9C-4599-9335-1CEE86F4E0B1}
		{EFCD645F-4338-4DC7-8F8A-B8F94C2ABCBC} = {5967300A-92A5-4F95-9357-1823C8671050}
		{5150886A-C9EA-4F76-8204-699943765FA5} = {C8AEF8EF-1D9C-4599-9335-1CEE86F4E0B1}
		{A6A89435-46E2-4016-B732-3C80F5D6EEBC} = {2888435E-56D6-40D0-8921-2C2CF66D6DB3}
		{9255FDD7-8E06-4156-BE95-867B30A9913B} = {C8AEF8EF-1D9C-4599-9335-1CEE86F4E0B1}
		{47C1BEB9-E87B-4D03-8F7A-25B7D1C17C99} = {C8AEF8EF-1D9C-4599-9335-1CEE86F4E0B1}
		{F3E5089D-ABEB-4F09-B174-5A2088829DB8} = {4E9488BB-0E7B-4961-97E6-1C88D74A97FD}
	EndGlobalSection
EndGlobal
